
Microsoft Visual Studio Solution File, Format Version 12.00
# Visual Studio Version 16
VisualStudioVersion = 16.0.30503.244
MinimumVisualStudioVersion = 10.0.40219.1
Project("{9A19103F-16F7-4668-BE54-9A1E7A4F7556}") = "CMSShoppingCart", "CMSShoppingCart\CMSShoppingCart.csproj", "{11AD16E3-CC08-4DE1-9F89-9E818C1DF2C1}"
EndProject
Project("{2150E333-8FDC-42A3-9474-1A3956D46DE8}") = "Solution Items", "Solution Items", "{46FFEB17-2B41-4789-BB83-B82BD2F2B1DA}"
	ProjectSection(SolutionItems) = preProject
		.editorconfig = .editorconfig
		readme.md = readme.md
	EndProjectSection
EndProject
Global
	GlobalSection(SolutionConfigurationPlatforms) = preSolution
		Debug|Any CPU = Debug|Any CPU
		Release|Any CPU = Release|Any CPU
	EndGlobalSection
	GlobalSection(ProjectConfigurationPlatforms) = postSolution
		{11AD16E3-CC08-4DE1-9F89-9E818C1DF2C1}.Debug|Any CPU.ActiveCfg = Debug|Any CPU
		{11AD16E3-CC08-4DE1-9F89-9E818C1DF2C1}.Debug|Any CPU.Build.0 = Debug|Any CPU
		{11AD16E3-CC08-4DE1-9F89-9E818C1DF2C1}.Release|Any CPU.ActiveCfg = Release|Any CPU
		{11AD16E3-CC08-4DE1-9F89-9E818C1DF2C1}.Release|Any CPU.Build.0 = Release|Any CPU
	EndGlobalSection
	GlobalSection(SolutionProperties) = preSolution
		HideSolutionNode = FALSE
	EndGlobalSection
	GlobalSection(ExtensibilityGlobals) = postSolution
		SolutionGuid = {90820390-FDCE-44F6-8323-B75F7012A77E}
	EndGlobalSection
EndGlobal
